
Microsoft Visual Studio Solution File, Format Version 11.00
# Visual Studio 2010
Project("{FAE04EC0-301F-11D3-BF4B-00C04F79EFBC}") = "Assembly-CSharp", "Assembly-CSharp.csproj", "{4F756ECB-9CB0-AFD8-F7EA-90AD3A2386B6}"
EndProject
Project("{FAE04EC0-301F-11D3-BF4B-00C04F79EFBC}") = "Assembly-CSharp-Editor", "Assembly-CSharp-Editor.csproj", "{63D46443-3CD5-FC65-D1E4-B34E7EBA682A}"
EndProject
Global
	GlobalSection(SolutionConfigurationPlatforms) = preSolution
		Debug|Any CPU = Debug|Any CPU
		Release|Any CPU = Release|Any CPU
	EndGlobalSection
	GlobalSection(ProjectConfigurationPlatforms) = postSolution
		{4F756ECB-9CB0-AFD8-F7EA-90AD3A2386B6}.Debug|Any CPU.ActiveCfg = Debug|Any CPU
		{4F756ECB-9CB0-AFD8-F7EA-90AD3A2386B6}.Debug|Any CPU.Build.0 = Debug|Any CPU
		{4F756ECB-9CB0-AFD8-F7EA-90AD3A2386B6}.Release|Any CPU.ActiveCfg = Release|Any CPU
		{4F756ECB-9CB0-AFD8-F7EA-90AD3A2386B6}.Release|Any CPU.Build.0 = Release|Any CPU
		{63D46443-3CD5-FC65-D1E4-B34E7EBA682A}.Debug|Any CPU.ActiveCfg = Debug|Any CPU
		{63D46443-3CD5-FC65-D1E4-B34E7EBA682A}.Debug|Any CPU.Build.0 = Debug|Any CPU
		{63D46443-3CD5-FC65-D1E4-B34E7EBA682A}.Release|Any CPU.ActiveCfg = Release|Any CPU
		{63D46443-3CD5-FC65-D1E4-B34E7EBA682A}.Release|Any CPU.Build.0 = Release|Any CPU
	EndGlobalSection
	GlobalSection(SolutionProperties) = preSolution
		HideSolutionNode = FALSE
	EndGlobalSection
	GlobalSection(MonoDevelopProperties) = preSolution
		StartupItem = Assembly-CSharp.csproj
	EndGlobalSection
EndGlobal
